{
  "version": 4,
  "terraform_version": "1.10.5",
  "serial": 58,
  "lineage": "29f00d8f-410d-bb24-ddb3-c1fcb104c07d",
  "outputs": {
    "agent_engine_resource_name": {
      "value": "8506315083440193536",
      "type": "string"
    },
    "app_service_account_email": {
      "value": "mcp-agent-demo-app@mb-mcp-demo.iam.gserviceaccount.com",
      "type": "string"
    },
    "logs_bucket_name": {
      "value": "mb-mcp-demo-mcp-agent-demo-logs",
      "type": "string"
    },
    "telemetry_bigquery_connection_id": {
      "value": "mcp-agent-demo-genai-telemetry",
      "type": "string"
    },
    "telemetry_dataset_id": {
      "value": "mcp_agent_demo_telemetry",
      "type": "string"
    }
  },
  "resources": [
    {
      "mode": "data",
      "type": "google_project",
      "name": "dev_project",
      "provider": "provider[\"registry.terraform.io/hashicorp/google\"]",
      "instances": [
        {
          "schema_version": 0,
          "attributes": {
            "auto_create_network": null,
            "billing_account": "01D63D-7E192E-DCA7F9",
            "deletion_policy": "PREVENT",
            "effective_labels": {},
            "folder_id": "",
            "id": "projects/mb-mcp-demo",
            "labels": {},
            "name": "mb-mcp-demo",
            "number": "396879358802",
            "org_id": "799868437285",
            "project_id": "mb-mcp-demo",
            "tags": null,
            "terraform_labels": {}
          },
          "sensitive_attributes": []
        }
      ]
    },
    {
      "mode": "data",
      "type": "google_storage_bucket_object_content",
      "name": "dummy_source_b64",
      "provider": "provider[\"registry.terraform.io/hashicorp/google\"]",
      "instances": [
        {
          "schema_version": 0,
          "attributes": {
            "bucket": "agent-starter-pack",
            "cache_control": null,
            "content": "H4sIACycsWkAA+1ZXW7bOBB2+6hDFIRf2gI1Q1KiGBdwATctkAB9yHaDAkW7MLgSYxPVXykqdW6xN9hj7XV2JDt147iNvbC0gMMPhm1JpDgazfcNhzyX81MlY2WOosoYldlYm96eQQgRnKOeaIDqY8DNLyGMCUQ55YFPOYf/hIYBC3tovm9DNqEqrTRgikq0LFUUzfTmdt9mSiW/uM/th0JtmNoGKEeVjkeUkiEXoecTlFqdqhEVwmeB8OkQk6EIWXgsfI8L9O7s9fj9yenZh7d4Lq01OMpTLIsiUbgw+ZXKZBap0fi3s3HGX0cfTqeKsqkXDNHv0Ondx191evS49/dfny/mT/6Zef+3Wx4M8FH7Y9zwP6ChgEC7w//64Db/IfKCHuLtm/bg+Y+Pzr9nAGBkK2PspP9+AO+f05A4/e8C9+k/CzANj1nIaDB0+n94wDXrW84BO+l/w3+fceb0vwss3v8qB0wmOtN2MsHF9d7GAH+EQbDL/F/4AXf63wW2mP9TeHuM0GPq9P/wsOB/G6xf4Yb/28//uc/9HiIt2HIHD5z/6/ovpyqzE5VNdaYmcGkfEbGT/tf5n4HkCKf/XWC7+T8U5EwETv8PDwv+t8H6Fe7Tf8HDtfk/NBNO/7tAv99/U6XpNRrXIYDeNiGAIATQZW5QPSvQMkEXyhgJJ1IUqyLJr1Noiz3vYqZLVCQyUrM8geyB4NCo5kSM/rxGJ2dHJ29QoQtwbqZKJC+tWt00MkpanWfYAyM879LkKZrm+RRUQcZfcBOTJdJpkRu7MG/R5koZq+ZS4x+jtsRWpTCyhX/Q+3u3+Mu4KDyvaYpGi9s88xAgzWOVjPpTlYJBA4b54DKR5az/ormaSRDBfly7ZtJ0Xp7XWWlNFdV2j/of8wpJA+665YSmOUbvVVnkWYy+aTt7iZ42voLPhrZLp4LPrrRc+Rqj80RBTC4vIztT4F1w3KJT3bZxMH4Ktj1fPuPSHfWjNo/+rDk7ar6fb5DVO/m/KCaV1Um5xxi7f/3vLv+5y/+dYC3/s+GG/C8I9xkRLv0fIJb5/4b1rawE7r7+x936X0dYf/+rTICN+lppo+pcD9l1bv/zGLvXf4zX+39O/9vHNvWfIAERAXH7/weIdf7vj/Ur3Lv+FwZr/CchDVz91wUWBdcgSvIqHkhdV1B17fGpKRgGy9rqBVRUf7waUUx9gokj5wHh5/l/f3sCO+X/ev2fUbf/1xG22/8DVR76zOX/w8M6/9vc/99+/0+4/T8HBweHlvEvHKww/QAyAAA=\n",
            "content_base64": "SDRzSUFDeWNzV2tBQSsxWlhXN2JPQkIyKzZoREZJUmYyZ0kxUTFLaUdCZHdBVGN0a0FCOXlIYURBa1c3TUxnU1l4UFZYeWtxZFc2eE45aGo3WFYySkR0MTQ3aU52YkMwZ01NUGhtMUpwRGdhemZjTmh6eVg4MU1sWTJXT29zb1lsZGxZbTk2ZVFRZ1JuS09lYUlEcVk4RE5MeUdNQ1VRNTVZRlBPWWYvaElZQkMzdG92bTlETnFFcXJUUmdpa3EwTEZVVXpmVG1kdDltU2lXL3VNL3RoMEp0bU5vR0tFZVZqa2VVa2lFWG9lY1RsRnFkcWhFVndtZUI4T2tRazZFSVdYZ3NmSThMOU83czlmajl5ZW5aaDdkNExxMDFPTXBUTElzaVViZ3crWlhLWkJhcDBmaTNzM0hHWDBjZlRxZUtzcWtYRE5IdjBPbmR4MTkxZXZTNDkvZGZueS9tVC82WmVmKzNXeDRNOEZIN1k5endQNkNoZ0VDN3cvLzY0RGIvSWZLQ0h1THRtL2JnK1krUHpyOW5BR0JrSzJQc3BQOStBTytmMDVBNC9lOEM5K2svQ3pBTmoxbklhREIwK245NHdEWHJXODRCTytsL3czK2ZjZWIwdndzczN2OHFCMHdtT3ROMk1zSEY5ZDdHQUgrRVFiREwvRi80QVhmNjN3VzJtUDlUZUh1TTBHUHE5UC93c09CL0c2eGY0WWIvMjgvL3VjLzlIaUl0MkhJSEQ1ei82L292cHlxekU1Vk5kYVltY0drZkViR1QvdGY1bjRIa0NLZi9YV0M3K1Q4VTVFd0VUdjhQRHd2K3Q4SDZGZTdUZjhIRHRmay9OQk5PLzd0QXY5OS9VNlhwTlJyWElZRGVOaUdBSUFUUVpXNVFQU3ZRTWtFWHloZ0pKMUlVcXlMSnIxTm9pejN2WXFaTFZDUXlVck04Z2V5QjROQ281a1NNL3J4R0oyZEhKMjlRb1F0d2JxWktKQyt0V3QwME1rcGFuV2ZZQXlNODc5TGtLWnJtK1JSVVFjWmZjQk9USmRKcGtSdTdNRy9SNWtvWnErWlM0eCtqdHNSV3BUQ3loWC9RKzN1MytNdTRLRHl2YVlwR2k5czg4eEFneldPVmpQcFRsWUpCQTRiNTRES1I1YXovb3JtYVNSREJmbHk3WnRKMFhwN1hXV2xORmRWMmovb2Y4d3BKQSs2NjVZU21PVWJ2VlZua1dZeSthVHQ3aVo0MnZvTFBoclpMcDRMUHJyUmMrUnFqODBSQlRDNHZJenRUNEYxdzNLSlQzYlp4TUg0S3RqMWZQdVBTSGZXak5vLytyRGs3YXI2ZmI1RFZPL20vS0NhVjFVbTV4eGk3Zi8zdkx2KzV5LytkWUMzL3MrR0cvQzhJOXhrUkx2MGZJSmI1LzRiMXJhd0U3cjcreDkzNlgwZFlmLytyVElDTitscHBvK3BjRDlsMWJ2L3pHTHZYZjR6WCszOU8vOXZITnZXZklBRVJBWEg3L3dlSWRmN3ZqL1VyM0x2K0Z3WnIvQ2NoRFZ6OTF3VVdCZGNnU3ZJcUhraGRWMUIxN2ZHcEtSZ0d5OXJxQlZSVWY3d2FVVXg5Z29rajV3SGg1L2wvZjNzQ08rWC9ldjJmVWJmLzF4RzIyLzhEVlI3NnpPWC93OE02Lzl2Yy85OSsvMCs0L1Q4SEJ3ZUhsdkV2SEt3dy9RQXlBQUE9Cg==",
            "content_base64sha512": "eTktZNd+10+JR0H7G6acG8cO46GF6NFq97ONcb49heBQnQeVBKaNZX7ZQXDb1ejwIMJziDVqI1oWr1FxX/OY3g==",
            "content_disposition": null,
            "content_encoding": null,
            "content_hexsha512": "79392d64d77ed74f894741fb1ba69c1bc70ee3a185e8d16af7b38d71be3d85e0509d079504a68d657ed94170dbd5e8f020c27388356a235a16af51715ff398de",
            "content_language": null,
            "content_type": null,
            "contexts": null,
            "crc32c": null,
            "customer_encryption": null,
            "deletion_policy": null,
            "detect_md5hash": null,
            "event_based_hold": null,
            "force_empty_content_type": null,
            "generation": null,
            "id": "agent-starter-pack-dummy/source-b64.txt",
            "kms_key_name": null,
            "md5hash": null,
            "md5hexhash": null,
            "media_link": null,
            "metadata": null,
            "name": "dummy/source-b64.txt",
            "output_name": null,
            "retention": null,
            "self_link": null,
            "source": null,
            "source_md5hash": null,
            "storage_class": null,
            "temporary_hold": null
          },
          "sensitive_attributes": []
        }
      ]
    },
    {
      "mode": "managed",
      "type": "google_bigquery_connection",
      "name": "genai_telemetry_connection",
      "provider": "provider[\"registry.terraform.io/hashicorp/google\"]",
      "instances": [
        {
          "schema_version": 0,
          "attributes": {
            "aws": [],
            "azure": [],
            "cloud_resource": [
              {
                "service_account_id": "bqcx-396879358802-jat2@gcp-sa-bigquery-condel.iam.gserviceaccount.com"
              }
            ],
            "cloud_spanner": [],
            "cloud_sql": [],
            "connection_id": "mcp-agent-demo-genai-telemetry",
            "description": "",
            "friendly_name": "mcp-agent-demo GenAI Telemetry Connection",
            "has_credential": false,
            "id": "projects/mb-mcp-demo/locations/us-central1/connections/mcp-agent-demo-genai-telemetry",
            "kms_key_name": "",
            "location": "us-central1",
            "name": "projects/396879358802/locations/us-central1/connections/mcp-agent-demo-genai-telemetry",
            "project": "mb-mcp-demo",
            "spark": [],
            "timeouts": null
          },
          "sensitive_attributes": [],
          "private": "eyJlMmJmYjczMC1lY2FhLTExZTYtOGY4OC0zNDM2M2JjN2M0YzAiOnsiY3JlYXRlIjoxMjAwMDAwMDAwMDAwLCJkZWxldGUiOjEyMDAwMDAwMDAwMDAsInVwZGF0ZSI6MTIwMDAwMDAwMDAwMH19",
          "dependencies": [
            "google_project_service.services"
          ]
        }
      ]
    },
    {
      "mode": "managed",
      "type": "google_bigquery_dataset",
      "name": "telemetry_dataset",
      "provider": "provider[\"registry.terraform.io/hashicorp/google\"]",
      "instances": [
        {
          "schema_version": 0,
          "attributes": {
            "access": [
              {
                "condition": [],
                "dataset": [],
                "domain": "",
                "group_by_email": "",
                "iam_member": "",
                "role": "OWNER",
                "routine": [],
                "special_group": "",
                "user_by_email": "admin@mbiber.altostrat.com",
                "view": []
              },
              {
                "condition": [],
                "dataset": [],
                "domain": "",
                "group_by_email": "",
                "iam_member": "",
                "role": "OWNER",
                "routine": [],
                "special_group": "projectOwners",
                "user_by_email": "",
                "view": []
              },
              {
                "condition": [],
                "dataset": [],
                "domain": "",
                "group_by_email": "",
                "iam_member": "",
                "role": "READER",
                "routine": [],
                "special_group": "projectReaders",
                "user_by_email": "",
                "view": []
              },
              {
                "condition": [],
                "dataset": [],
                "domain": "",
                "group_by_email": "",
                "iam_member": "",
                "role": "WRITER",
                "routine": [],
                "special_group": "projectWriters",
                "user_by_email": "",
                "view": []
              }
            ],
            "creation_time": 1774029219237,
            "dataset_id": "mcp_agent_demo_telemetry",
            "default_collation": "",
            "default_encryption_configuration": [],
            "default_partition_expiration_ms": 0,
            "default_table_expiration_ms": 0,
            "delete_contents_on_destroy": false,
            "description": "Dataset for GenAI telemetry data stored in GCS",
            "effective_labels": {
              "goog-terraform-provisioned": "true"
            },
            "etag": "fs/6UoyUr++Gl4MswTlqIA==",
            "external_catalog_dataset_options": [],
            "external_dataset_reference": [],
            "friendly_name": "mcp-agent-demo Telemetry",
            "id": "projects/mb-mcp-demo/datasets/mcp_agent_demo_telemetry",
            "is_case_insensitive": false,
            "labels": {},
            "last_modified_time": 1774029219237,
            "location": "us-central1",
            "max_time_travel_hours": "168",
            "project": "mb-mcp-demo",
            "resource_tags": {},
            "self_link": "https://bigquery.googleapis.com/bigquery/v2/projects/mb-mcp-demo/datasets/mcp_agent_demo_telemetry",
            "storage_billing_model": "",
            "terraform_labels": {
              "goog-terraform-provisioned": "true"
            },
            "timeouts": null
          },
          "sensitive_attributes": [],
          "private": "eyJlMmJmYjczMC1lY2FhLTExZTYtOGY4OC0zNDM2M2JjN2M0YzAiOnsiY3JlYXRlIjoxMjAwMDAwMDAwMDAwLCJkZWxldGUiOjEyMDAwMDAwMDAwMDAsInVwZGF0ZSI6MTIwMDAwMDAwMDAwMH19",
          "dependencies": [
            "google_project_service.services"
          ]
        }
      ]
    },
    {
      "mode": "managed",
      "type": "google_bigquery_table",
      "name": "completions_external_table",
      "provider": "provider[\"registry.terraform.io/hashicorp/google\"]",
      "instances": [
        {
          "schema_version": 0,
          "attributes": {
            "biglake_configuration": [],
            "clustering": null,
            "creation_time": 1774029235027,
            "dataset_id": "mcp_agent_demo_telemetry",
            "deletion_protection": false,
            "description": "",
            "effective_labels": {
              "goog-terraform-provisioned": "true"
            },
            "encryption_configuration": [],
            "etag": "MHlOu/eob7ALwHfFrBZm7w==",
            "expiration_time": 0,
            "external_catalog_table_options": [],
            "external_data_configuration": [
              {
                "autodetect": false,
                "avro_options": [],
                "bigtable_options": [],
                "compression": "NONE",
                "connection_id": "396879358802.us-central1.mcp-agent-demo-genai-telemetry",
                "csv_options": [],
                "decimal_target_types": [],
                "file_set_spec_type": "",
                "google_sheets_options": [],
                "hive_partitioning_options": [],
                "ignore_unknown_values": true,
                "json_extension": "",
                "json_options": [],
                "max_bad_records": 1000,
                "metadata_cache_mode": "",
                "object_metadata": "",
                "parquet_options": [],
                "reference_file_schema_uri": "",
                "schema": "",
                "source_format": "NEWLINE_DELIMITED_JSON",
                "source_uris": [
                  "gs://mb-mcp-demo-mcp-agent-demo-logs/completions/*"
                ]
              }
            ],
            "friendly_name": "",
            "generated_schema_columns": "",
            "id": "projects/mb-mcp-demo/datasets/mcp_agent_demo_telemetry/tables/completions",
            "ignore_auto_generated_schema": false,
            "ignore_schema_changes": null,
            "labels": {},
            "last_modified_time": 1774029235339,
            "location": "us-central1",
            "materialized_view": [],
            "max_staleness": "",
            "num_bytes": 0,
            "num_long_term_bytes": 0,
            "num_rows": 0,
            "project": "mb-mcp-demo",
            "range_partitioning": [],
            "require_partition_filter": false,
            "resource_tags": {},
            "schema": "[{\"fields\":[{\"mode\":\"NULLABLE\",\"name\":\"type\",\"type\":\"STRING\"},{\"mode\":\"NULLABLE\",\"name\":\"content\",\"type\":\"STRING\"},{\"mode\":\"NULLABLE\",\"name\":\"mime_type\",\"type\":\"STRING\"},{\"mode\":\"NULLABLE\",\"name\":\"uri\",\"type\":\"STRING\"},{\"mode\":\"NULLABLE\",\"name\":\"data\",\"type\":\"BYTES\"},{\"mode\":\"NULLABLE\",\"name\":\"id\",\"type\":\"STRING\"},{\"mode\":\"NULLABLE\",\"name\":\"name\",\"type\":\"STRING\"},{\"mode\":\"NULLABLE\",\"name\":\"arguments\",\"type\":\"JSON\"},{\"mode\":\"NULLABLE\",\"name\":\"response\",\"type\":\"JSON\"}],\"mode\":\"REPEATED\",\"name\":\"parts\",\"type\":\"RECORD\"},{\"mode\":\"NULLABLE\",\"name\":\"role\",\"type\":\"STRING\"},{\"mode\":\"NULLABLE\",\"name\":\"index\",\"type\":\"INTEGER\"}]",
            "schema_foreign_type_info": [],
            "self_link": "https://bigquery.googleapis.com/bigquery/v2/projects/mb-mcp-demo/datasets/mcp_agent_demo_telemetry/tables/completions",
            "table_constraints": [],
            "table_id": "completions",
            "table_metadata_view": null,
            "table_replication_info": [],
            "terraform_labels": {
              "goog-terraform-provisioned": "true"
            },
            "time_partitioning": [],
            "type": "EXTERNAL",
            "view": []
          },
          "sensitive_attributes": [],
          "private": "bnVsbA==",
          "dependencies": [
            "google_bigquery_connection.genai_telemetry_connection",
            "google_bigquery_dataset.telemetry_dataset",
            "google_project_service.services",
            "google_storage_bucket.logs_data_bucket",
            "google_storage_bucket_iam_member.telemetry_connection_access",
            "time_sleep.wait_for_bq_connection_sa"
          ]
        }
      ]
    },
    {
      "mode": "managed",
      "type": "google_bigquery_table",
      "name": "completions_view",
      "provider": "provider[\"registry.terraform.io/hashicorp/google\"]",
      "instances": [
        {
          "schema_version": 0,
          "attributes": {
            "biglake_configuration": [],
            "clustering": null,
            "creation_time": 1774029542533,
            "dataset_id": "mcp_agent_demo_telemetry",
            "deletion_protection": false,
            "description": "View of GenAI completion logs joined with the GCS prompt/response external table",
            "effective_labels": {
              "goog-terraform-provisioned": "true"
            },
            "encryption_configuration": [],
            "etag": "0mDNwHq5H1aIZllQFmmPfA==",
            "expiration_time": 0,
            "external_catalog_table_options": [],
            "external_data_configuration": [],
            "friendly_name": "",
            "generated_schema_columns": "",
            "id": "projects/mb-mcp-demo/datasets/mcp_agent_demo_telemetry/tables/completions_view",
            "ignore_auto_generated_schema": false,
            "ignore_schema_changes": null,
            "labels": {},
            "last_modified_time": 1774029543427,
            "location": "us-central1",
            "materialized_view": [],
            "max_staleness": "",
            "num_bytes": 0,
            "num_long_term_bytes": 0,
            "num_rows": 0,
            "project": "mb-mcp-demo",
            "range_partitioning": [],
            "require_partition_filter": false,
            "resource_tags": {},
            "schema": "[{\"mode\":\"NULLABLE\",\"name\":\"timestamp\",\"type\":\"TIMESTAMP\"},{\"mode\":\"NULLABLE\",\"name\":\"insert_id\",\"type\":\"STRING\"},{\"mode\":\"NULLABLE\",\"name\":\"trace\",\"type\":\"STRING\"},{\"mode\":\"NULLABLE\",\"name\":\"span_id\",\"type\":\"STRING\"},{\"mode\":\"NULLABLE\",\"name\":\"api_call_id\",\"type\":\"STRING\"},{\"mode\":\"NULLABLE\",\"name\":\"message_type\",\"type\":\"STRING\"},{\"mode\":\"NULLABLE\",\"name\":\"role\",\"type\":\"STRING\"},{\"mode\":\"NULLABLE\",\"name\":\"message_idx\",\"type\":\"INTEGER\"},{\"mode\":\"NULLABLE\",\"name\":\"part_idx\",\"type\":\"INTEGER\"},{\"mode\":\"NULLABLE\",\"name\":\"content\",\"type\":\"STRING\"},{\"mode\":\"NULLABLE\",\"name\":\"part_type\",\"type\":\"STRING\"},{\"mode\":\"NULLABLE\",\"name\":\"tool_name\",\"type\":\"STRING\"},{\"mode\":\"NULLABLE\",\"name\":\"tool_args\",\"type\":\"JSON\"},{\"mode\":\"NULLABLE\",\"name\":\"tool_response\",\"type\":\"JSON\"},{\"mode\":\"NULLABLE\",\"name\":\"uri\",\"type\":\"STRING\"},{\"mode\":\"NULLABLE\",\"name\":\"mime_type\",\"type\":\"STRING\"},{\"mode\":\"NULLABLE\",\"name\":\"data_md5_hex\",\"type\":\"STRING\"},{\"mode\":\"NULLABLE\",\"name\":\"labels\",\"type\":\"JSON\"},{\"mode\":\"NULLABLE\",\"name\":\"messages_ref_uri\",\"type\":\"STRING\"}]",
            "schema_foreign_type_info": [],
            "self_link": "https://bigquery.googleapis.com/bigquery/v2/projects/mb-mcp-demo/datasets/mcp_agent_demo_telemetry/tables/completions_view",
            "table_constraints": [],
            "table_id": "completions_view",
            "table_metadata_view": null,
            "table_replication_info": [],
            "terraform_labels": {
              "goog-terraform-provisioned": "true"
            },
            "time_partitioning": [],
            "type": "VIEW",
            "view": [
              {
                "query": "-- Optimized join of Cloud Logging data with GCS-stored prompt/response data.\n-- This query extracts both input and output messages referenced in logs.\n-- Note: Input files contain full conversation history, so messages may appear multiple times.\n\n-- Extract message references from Cloud Logging (scan once, extract both input/output)\nWITH log_refs AS (\n  SELECT\n    insert_id,\n    timestamp,\n    labels,\n    trace,\n    span_id,\n    JSON_VALUE(labels, '$.\\\"gen_ai.input.messages_ref\\\"') AS input_ref,\n    JSON_VALUE(labels, '$.\\\"gen_ai.output.messages_ref\\\"') AS output_ref\n  FROM `mb-mcp-demo.mcp_agent_demo_genai_telemetry_logs._AllLogs`\n  WHERE JSON_VALUE(labels, '$.\\\"gen_ai.input.messages_ref\\\"') IS NOT NULL\n     OR JSON_VALUE(labels, '$.\\\"gen_ai.output.messages_ref\\\"') IS NOT NULL\n),\n\n-- Unpivot to get one row per message reference\nunpivoted_refs AS (\n  SELECT\n    insert_id,\n    timestamp,\n    labels,\n    trace,\n    span_id,\n    input_ref AS messages_ref_uri,\n    'input' AS message_type\n  FROM log_refs\n  WHERE input_ref IS NOT NULL\n\n  UNION ALL\n\n  SELECT\n    insert_id,\n    timestamp,\n    labels,\n    trace,\n    span_id,\n    output_ref AS messages_ref_uri,\n    'output' AS message_type\n  FROM log_refs\n  WHERE output_ref IS NOT NULL\n),\n\n-- Join with completions external table and extract api_call_id once\njoined_data AS (\n  SELECT\n    lr.insert_id,\n    lr.timestamp,\n    lr.labels,\n    lr.trace,\n    lr.span_id,\n    lr.messages_ref_uri,\n    lr.message_type,\n    SPLIT(REGEXP_EXTRACT(lr.messages_ref_uri, r'/([^/]+)\\.jsonl'), '_')[OFFSET(0)] AS api_call_id,\n    c.role,\n    c.parts,\n    c.index AS message_idx\n  FROM unpivoted_refs lr\n  JOIN `mb-mcp-demo.mcp_agent_demo_telemetry.completions` c\n    ON lr.messages_ref_uri = c._FILE_NAME\n),\n\n-- Flatten the parts array\nflattened AS (\n  SELECT\n    insert_id,\n    timestamp,\n    labels,\n    trace,\n    span_id,\n    messages_ref_uri,\n    message_type,\n    api_call_id,\n    role,\n    message_idx,\n    part_idx,\n    part.type AS part_type,\n    part.content,\n    part.uri,\n    part.mime_type,\n    TO_HEX(MD5(part.data)) AS data_md5_hex,\n    part.id AS tool_id,\n    part.name AS tool_name,\n    part.arguments AS tool_args,\n    part.response AS tool_response\n  FROM joined_data\n  CROSS JOIN UNNEST(parts) AS part WITH OFFSET AS part_idx\n),\n\n-- Deduplicate by trace: keep only the latest log entry per trace\n-- (Tool calls create multiple log entries with same trace but different timestamps)\ndeduplicated AS (\n  SELECT\n    *,\n    ROW_NUMBER() OVER (\n      PARTITION BY trace, message_type, role, message_idx, part_idx\n      ORDER BY timestamp DESC\n    ) AS row_num\n  FROM flattened\n)\n\nSELECT\n  -- Core identifiers and timestamps\n  timestamp,\n  insert_id,\n  trace,\n  span_id,\n  api_call_id,\n\n  -- Message metadata\n  message_type,\n  role,\n  message_idx,\n  part_idx,\n\n  -- Message content\n  content,\n\n  -- Tool/function calling\n  part_type,\n  tool_name,\n  tool_args,\n  tool_response,\n\n  -- Additional metadata\n  uri,\n  mime_type,\n  data_md5_hex,\n\n  -- Raw fields\n  labels,\n  messages_ref_uri\nFROM deduplicated\nWHERE row_num = 1  -- Keep only the latest entry per trace/message/part\nORDER BY trace ASC, message_type ASC, message_idx ASC, part_idx ASC\n",
                "use_legacy_sql": false
              }
            ]
          },
          "sensitive_attributes": [],
          "private": "bnVsbA==",
          "dependencies": [
            "google_bigquery_connection.genai_telemetry_connection",
            "google_bigquery_dataset.telemetry_dataset",
            "google_bigquery_table.completions_external_table",
            "google_logging_linked_dataset.genai_logs_linked_dataset",
            "google_logging_project_bucket_config.genai_telemetry_bucket",
            "google_logging_project_sink.genai_logs_to_bucket",
            "google_project_service.services",
            "google_storage_bucket.logs_data_bucket",
            "google_storage_bucket_iam_member.telemetry_connection_access",
            "time_sleep.wait_for_bq_connection_sa",
            "time_sleep.wait_for_linked_dataset",
            "time_sleep.wait_for_logging_api"
          ]
        }
      ]
    },
    {
      "mode": "managed",
      "type": "google_logging_linked_dataset",
      "name": "genai_logs_linked_dataset",
      "provider": "provider[\"registry.terraform.io/hashicorp/google\"]",
      "instances": [
        {
          "schema_version": 0,
          "attributes": {
            "bigquery_dataset": [
              {
                "dataset_id": "bigquery.googleapis.com/projects/mb-mcp-demo/datasets/mcp_agent_demo_genai_telemetry_logs"
              }
            ],
            "bucket": "mcp-agent-demo-genai-telemetry",
            "create_time": "2026-03-20T17:57:04.532686578Z",
            "description": "Linked dataset for mcp-agent-demo GenAI telemetry Cloud Logging bucket",
            "id": "projects/mb-mcp-demo/locations/us-central1/buckets/mcp-agent-demo-genai-telemetry/links/mcp_agent_demo_genai_telemetry_logs",
            "lifecycle_state": "ACTIVE",
            "link_id": "mcp_agent_demo_genai_telemetry_logs",
            "location": "us-central1",
            "name": "projects/mb-mcp-demo/locations/us-central1/buckets/mcp-agent-demo-genai-telemetry/links/mcp_agent_demo_genai_telemetry_logs",
            "parent": "projects/mb-mcp-demo",
            "timeouts": null
          },
          "sensitive_attributes": [],
          "private": "eyJlMmJmYjczMC1lY2FhLTExZTYtOGY4OC0zNDM2M2JjN2M0YzAiOnsiY3JlYXRlIjoxMjAwMDAwMDAwMDAwLCJkZWxldGUiOjEyMDAwMDAwMDAwMDB9fQ==",
          "dependencies": [
            "google_logging_project_bucket_config.genai_telemetry_bucket",
            "google_logging_project_sink.genai_logs_to_bucket",
            "google_project_service.services",
            "time_sleep.wait_for_logging_api"
          ]
        }
      ]
    },
    {
      "mode": "managed",
      "type": "google_logging_project_bucket_config",
      "name": "genai_telemetry_bucket",
      "provider": "provider[\"registry.terraform.io/hashicorp/google\"]",
      "instances": [
        {
          "schema_version": 0,
          "attributes": {
            "bucket_id": "mcp-agent-demo-genai-telemetry",
            "cmek_settings": [],
            "description": "Dedicated Cloud Logging bucket for mcp-agent-demo GenAI telemetry with 10 year retention",
            "enable_analytics": true,
            "id": "projects/mb-mcp-demo/locations/us-central1/buckets/mcp-agent-demo-genai-telemetry",
            "index_configs": [],
            "lifecycle_state": "ACTIVE",
            "location": "us-central1",
            "locked": false,
            "name": "projects/mb-mcp-demo/locations/us-central1/buckets/mcp-agent-demo-genai-telemetry",
            "project": "mb-mcp-demo",
            "retention_days": 3650
          },
          "sensitive_attributes": [],
          "private": "bnVsbA==",
          "dependencies": [
            "google_project_service.services",
            "time_sleep.wait_for_logging_api"
          ]
        }
      ]
    },
    {
      "mode": "managed",
      "type": "google_logging_project_sink",
      "name": "feedback_logs_to_bucket",
      "provider": "provider[\"registry.terraform.io/hashicorp/google\"]",
      "instances": [
        {
          "schema_version": 0,
          "attributes": {
            "bigquery_options": [],
            "custom_writer_identity": null,
            "description": "",
            "destination": "logging.googleapis.com/projects/mb-mcp-demo/locations/us-central1/buckets/mcp-agent-demo-genai-telemetry",
            "disabled": false,
            "exclusions": [],
            "filter": "jsonPayload.log_type=\"feedback\" jsonPayload.service_name=\"mcp-agent-demo\"",
            "id": "projects/mb-mcp-demo/sinks/mcp-agent-demo-feedback",
            "name": "mcp-agent-demo-feedback",
            "project": "mb-mcp-demo",
            "unique_writer_identity": true,
            "writer_identity": ""
          },
          "sensitive_attributes": [],
          "private": "bnVsbA==",
          "dependencies": [
            "google_logging_project_bucket_config.genai_telemetry_bucket",
            "google_project_service.services",
            "time_sleep.wait_for_logging_api"
          ]
        }
      ]
    },
    {
      "mode": "managed",
      "type": "google_logging_project_sink",
      "name": "genai_logs_to_bucket",
      "provider": "provider[\"registry.terraform.io/hashicorp/google\"]",
      "instances": [
        {
          "schema_version": 0,
          "attributes": {
            "bigquery_options": [],
            "custom_writer_identity": null,
            "description": "",
            "destination": "logging.googleapis.com/projects/mb-mcp-demo/locations/us-central1/buckets/mcp-agent-demo-genai-telemetry",
            "disabled": false,
            "exclusions": [],
            "filter": "log_name=\"projects/mb-mcp-demo/logs/gen_ai.client.inference.operation.details\" AND (labels.\"gen_ai.input.messages_ref\" =~ \".*mcp-agent-demo.*\" OR labels.\"gen_ai.output.messages_ref\" =~ \".*mcp-agent-demo.*\")",
            "id": "projects/mb-mcp-demo/sinks/mcp-agent-demo-genai-logs",
            "name": "mcp-agent-demo-genai-logs",
            "project": "mb-mcp-demo",
            "unique_writer_identity": true,
            "writer_identity": ""
          },
          "sensitive_attributes": [],
          "private": "bnVsbA==",
          "dependencies": [
            "google_logging_project_bucket_config.genai_telemetry_bucket",
            "google_project_service.services",
            "time_sleep.wait_for_logging_api"
          ]
        }
      ]
    },
    {
      "mode": "managed",
      "type": "google_project_iam_member",
      "name": "app_sa_roles",
      "provider": "provider[\"registry.terraform.io/hashicorp/google\"]",
      "instances": [
        {
          "index_key": "dev,roles/aiplatform.user",
          "schema_version": 0,
          "attributes": {
            "condition": [],
            "etag": "BwZNikVF0LQ=",
            "id": "mb-mcp-demo/roles/aiplatform.user/serviceAccount:mcp-agent-demo-app@mb-mcp-demo.iam.gserviceaccount.com",
            "member": "serviceAccount:mcp-agent-demo-app@mb-mcp-demo.iam.gserviceaccount.com",
            "project": "mb-mcp-demo",
            "role": "roles/aiplatform.user"
          },
          "sensitive_attributes": [],
          "private": "bnVsbA==",
          "dependencies": [
            "google_project_service.services",
            "google_service_account.app_sa"
          ]
        },
        {
          "index_key": "dev,roles/bigquery.dataViewer",
          "schema_version": 0,
          "attributes": {
            "condition": [],
            "etag": "BwZNikVF0LQ=",
            "id": "mb-mcp-demo/roles/bigquery.dataViewer/serviceAccount:mcp-agent-demo-app@mb-mcp-demo.iam.gserviceaccount.com",
            "member": "serviceAccount:mcp-agent-demo-app@mb-mcp-demo.iam.gserviceaccount.com",
            "project": "mb-mcp-demo",
            "role": "roles/bigquery.dataViewer"
          },
          "sensitive_attributes": [],
          "private": "bnVsbA==",
          "dependencies": [
            "google_project_service.services",
            "google_service_account.app_sa"
          ]
        },
        {
          "index_key": "dev,roles/bigquery.jobUser",
          "schema_version": 0,
          "attributes": {
            "condition": [],
            "etag": "BwZNikVF0LQ=",
            "id": "mb-mcp-demo/roles/bigquery.jobUser/serviceAccount:mcp-agent-demo-app@mb-mcp-demo.iam.gserviceaccount.com",
            "member": "serviceAccount:mcp-agent-demo-app@mb-mcp-demo.iam.gserviceaccount.com",
            "project": "mb-mcp-demo",
            "role": "roles/bigquery.jobUser"
          },
          "sensitive_attributes": [],
          "private": "bnVsbA==",
          "dependencies": [
            "google_project_service.services",
            "google_service_account.app_sa"
          ]
        },
        {
          "index_key": "dev,roles/cloudapiregistry.viewer",
          "schema_version": 0,
          "attributes": {
            "condition": [],
            "etag": "BwZNikVF0LQ=",
            "id": "mb-mcp-demo/roles/cloudapiregistry.viewer/serviceAccount:mcp-agent-demo-app@mb-mcp-demo.iam.gserviceaccount.com",
            "member": "serviceAccount:mcp-agent-demo-app@mb-mcp-demo.iam.gserviceaccount.com",
            "project": "mb-mcp-demo",
            "role": "roles/cloudapiregistry.viewer"
          },
          "sensitive_attributes": [],
          "private": "bnVsbA==",
          "dependencies": [
            "google_project_service.services",
            "google_service_account.app_sa"
          ]
        },
        {
          "index_key": "dev,roles/cloudtrace.agent",
          "schema_version": 0,
          "attributes": {
            "condition": [],
            "etag": "BwZNikVF0LQ=",
            "id": "mb-mcp-demo/roles/cloudtrace.agent/serviceAccount:mcp-agent-demo-app@mb-mcp-demo.iam.gserviceaccount.com",
            "member": "serviceAccount:mcp-agent-demo-app@mb-mcp-demo.iam.gserviceaccount.com",
            "project": "mb-mcp-demo",
            "role": "roles/cloudtrace.agent"
          },
          "sensitive_attributes": [],
          "private": "bnVsbA==",
          "dependencies": [
            "google_project_service.services",
            "google_service_account.app_sa"
          ]
        },
        {
          "index_key": "dev,roles/logging.logWriter",
          "schema_version": 0,
          "attributes": {
            "condition": [],
            "etag": "BwZNikVF0LQ=",
            "id": "mb-mcp-demo/roles/logging.logWriter/serviceAccount:mcp-agent-demo-app@mb-mcp-demo.iam.gserviceaccount.com",
            "member": "serviceAccount:mcp-agent-demo-app@mb-mcp-demo.iam.gserviceaccount.com",
            "project": "mb-mcp-demo",
            "role": "roles/logging.logWriter"
          },
          "sensitive_attributes": [],
          "private": "bnVsbA==",
          "dependencies": [
            "google_project_service.services",
            "google_service_account.app_sa"
          ]
        },
        {
          "index_key": "dev,roles/mcp.toolUser",
          "schema_version": 0,
          "attributes": {
            "condition": [],
            "etag": "BwZNimqlqmg=",
            "id": "mb-mcp-demo/roles/mcp.toolUser/serviceAccount:mcp-agent-demo-app@mb-mcp-demo.iam.gserviceaccount.com",
            "member": "serviceAccount:mcp-agent-demo-app@mb-mcp-demo.iam.gserviceaccount.com",
            "project": "mb-mcp-demo",
            "role": "roles/mcp.toolUser"
          },
          "sensitive_attributes": [],
          "private": "bnVsbA==",
          "dependencies": [
            "google_project_service.services",
            "google_service_account.app_sa"
          ]
        },
        {
          "index_key": "dev,roles/secretmanager.secretAccessor",
          "schema_version": 0,
          "attributes": {
            "condition": [],
            "etag": "BwZNikVF0LQ=",
            "id": "mb-mcp-demo/roles/secretmanager.secretAccessor/serviceAccount:mcp-agent-demo-app@mb-mcp-demo.iam.gserviceaccount.com",
            "member": "serviceAccount:mcp-agent-demo-app@mb-mcp-demo.iam.gserviceaccount.com",
            "project": "mb-mcp-demo",
            "role": "roles/secretmanager.secretAccessor"
          },
          "sensitive_attributes": [],
          "private": "bnVsbA==",
          "dependencies": [
            "google_project_service.services",
            "google_service_account.app_sa"
          ]
        },
        {
          "index_key": "dev,roles/serviceusage.serviceUsageConsumer",
          "schema_version": 0,
          "attributes": {
            "condition": [],
            "etag": "BwZNikVF0LQ=",
            "id": "mb-mcp-demo/roles/serviceusage.serviceUsageConsumer/serviceAccount:mcp-agent-demo-app@mb-mcp-demo.iam.gserviceaccount.com",
            "member": "serviceAccount:mcp-agent-demo-app@mb-mcp-demo.iam.gserviceaccount.com",
            "project": "mb-mcp-demo",
            "role": "roles/serviceusage.serviceUsageConsumer"
          },
          "sensitive_attributes": [],
          "private": "bnVsbA==",
          "dependencies": [
            "google_project_service.services",
            "google_service_account.app_sa"
          ]
        },
        {
          "index_key": "dev,roles/storage.admin",
          "schema_version": 0,
          "attributes": {
            "condition": [],
            "etag": "BwZNikVF0LQ=",
            "id": "mb-mcp-demo/roles/storage.admin/serviceAccount:mcp-agent-demo-app@mb-mcp-demo.iam.gserviceaccount.com",
            "member": "serviceAccount:mcp-agent-demo-app@mb-mcp-demo.iam.gserviceaccount.com",
            "project": "mb-mcp-demo",
            "role": "roles/storage.admin"
          },
          "sensitive_attributes": [],
          "private": "bnVsbA==",
          "dependencies": [
            "google_project_service.services",
            "google_service_account.app_sa"
          ]
        }
      ]
    },
    {
      "mode": "managed",
      "type": "google_project_iam_member",
      "name": "default_compute_sa_cloudapiregistry_viewer",
      "provider": "provider[\"registry.terraform.io/hashicorp/google\"]",
      "instances": [
        {
          "schema_version": 0,
          "attributes": {
            "condition": [],
            "etag": "BwZNikVF0LQ=",
            "id": "mb-mcp-demo/roles/cloudapiregistry.viewer/serviceAccount:396879358802-compute@developer.gserviceaccount.com",
            "member": "serviceAccount:396879358802-compute@developer.gserviceaccount.com",
            "project": "mb-mcp-demo",
            "role": "roles/cloudapiregistry.viewer"
          },
          "sensitive_attributes": [],
          "private": "bnVsbA==",
          "dependencies": [
            "data.google_project.dev_project",
            "google_project_service.services"
          ]
        }
      ]
    },
    {
      "mode": "managed",
      "type": "google_project_iam_member",
      "name": "default_compute_sa_secret_accessor",
      "provider": "provider[\"registry.terraform.io/hashicorp/google\"]",
      "instances": [
        {
          "schema_version": 0,
          "attributes": {
            "condition": [],
            "etag": "BwZNikVF0LQ=",
            "id": "mb-mcp-demo/roles/secretmanager.secretAccessor/serviceAccount:396879358802-compute@developer.gserviceaccount.com",
            "member": "serviceAccount:396879358802-compute@developer.gserviceaccount.com",
            "project": "mb-mcp-demo",
            "role": "roles/secretmanager.secretAccessor"
          },
          "sensitive_attributes": [],
          "private": "bnVsbA==",
          "dependencies": [
            "data.google_project.dev_project",
            "google_project_service.services"
          ]
        }
      ]
    },
    {
      "mode": "managed",
      "type": "google_project_iam_member",
      "name": "default_compute_sa_storage_object_creator",
      "provider": "provider[\"registry.terraform.io/hashicorp/google\"]",
      "instances": [
        {
          "schema_version": 0,
          "attributes": {
            "condition": [],
            "etag": "BwZNikVF0LQ=",
            "id": "mb-mcp-demo/roles/cloudbuild.builds.builder/serviceAccount:396879358802-compute@developer.gserviceaccount.com",
            "member": "serviceAccount:396879358802-compute@developer.gserviceaccount.com",
            "project": "mb-mcp-demo",
            "role": "roles/cloudbuild.builds.builder"
          },
          "sensitive_attributes": [],
          "private": "bnVsbA==",
          "dependencies": [
            "data.google_project.dev_project",
            "google_project_service.services"
          ]
        }
      ]
    },
    {
      "mode": "managed",
      "type": "google_project_iam_member",
      "name": "vertex_ai_sa_permissions",
      "provider": "provider[\"registry.terraform.io/hashicorp/google\"]",
      "instances": [
        {
          "index_key": "dev,roles/aiplatform.user",
          "schema_version": 0,
          "attributes": {
            "condition": [],
            "etag": "BwZNikVF0LQ=",
            "id": "mb-mcp-demo/roles/aiplatform.user/serviceAccount:service-396879358802@gcp-sa-aiplatform.iam.gserviceaccount.com",
            "member": "serviceAccount:service-396879358802@gcp-sa-aiplatform.iam.gserviceaccount.com",
            "project": "mb-mcp-demo",
            "role": "roles/aiplatform.user"
          },
          "sensitive_attributes": [],
          "private": "bnVsbA==",
          "dependencies": [
            "google_project_service.services",
            "google_project_service_identity.vertex_sa"
          ]
        },
        {
          "index_key": "dev,roles/bigquery.dataViewer",
          "schema_version": 0,
          "attributes": {
            "condition": [],
            "etag": "BwZNikVF0LQ=",
            "id": "mb-mcp-demo/roles/bigquery.dataViewer/serviceAccount:service-396879358802@gcp-sa-aiplatform.iam.gserviceaccount.com",
            "member": "serviceAccount:service-396879358802@gcp-sa-aiplatform.iam.gserviceaccount.com",
            "project": "mb-mcp-demo",
            "role": "roles/bigquery.dataViewer"
          },
          "sensitive_attributes": [],
          "private": "bnVsbA==",
          "dependencies": [
            "google_project_service.services",
            "google_project_service_identity.vertex_sa"
          ]
        },
        {
          "index_key": "dev,roles/bigquery.jobUser",
          "schema_version": 0,
          "attributes": {
            "condition": [],
            "etag": "BwZNikVF0LQ=",
            "id": "mb-mcp-demo/roles/bigquery.jobUser/serviceAccount:service-396879358802@gcp-sa-aiplatform.iam.gserviceaccount.com",
            "member": "serviceAccount:service-396879358802@gcp-sa-aiplatform.iam.gserviceaccount.com",
            "project": "mb-mcp-demo",
            "role": "roles/bigquery.jobUser"
          },
          "sensitive_attributes": [],
          "private": "bnVsbA==",
          "dependencies": [
            "google_project_service.services",
            "google_project_service_identity.vertex_sa"
          ]
        },
        {
          "index_key": "dev,roles/cloudapiregistry.viewer",
          "schema_version": 0,
          "attributes": {
            "condition": [],
            "etag": "BwZNikVF0LQ=",
            "id": "mb-mcp-demo/roles/cloudapiregistry.viewer/serviceAccount:service-396879358802@gcp-sa-aiplatform.iam.gserviceaccount.com",
            "member": "serviceAccount:service-396879358802@gcp-sa-aiplatform.iam.gserviceaccount.com",
            "project": "mb-mcp-demo",
            "role": "roles/cloudapiregistry.viewer"
          },
          "sensitive_attributes": [],
          "private": "bnVsbA==",
          "dependencies": [
            "google_project_service.services",
            "google_project_service_identity.vertex_sa"
          ]
        },
        {
          "index_key": "dev,roles/cloudtrace.agent",
          "schema_version": 0,
          "attributes": {
            "condition": [],
            "etag": "BwZNikVF0LQ=",
            "id": "mb-mcp-demo/roles/cloudtrace.agent/serviceAccount:service-396879358802@gcp-sa-aiplatform.iam.gserviceaccount.com",
            "member": "serviceAccount:service-396879358802@gcp-sa-aiplatform.iam.gserviceaccount.com",
            "project": "mb-mcp-demo",
            "role": "roles/cloudtrace.agent"
          },
          "sensitive_attributes": [],
          "private": "bnVsbA==",
          "dependencies": [
            "google_project_service.services",
            "google_project_service_identity.vertex_sa"
          ]
        },
        {
          "index_key": "dev,roles/logging.logWriter",
          "schema_version": 0,
          "attributes": {
            "condition": [],
            "etag": "BwZNikVF0LQ=",
            "id": "mb-mcp-demo/roles/logging.logWriter/serviceAccount:service-396879358802@gcp-sa-aiplatform.iam.gserviceaccount.com",
            "member": "serviceAccount:service-396879358802@gcp-sa-aiplatform.iam.gserviceaccount.com",
            "project": "mb-mcp-demo",
            "role": "roles/logging.logWriter"
          },
          "sensitive_attributes": [],
          "private": "bnVsbA==",
          "dependencies": [
            "google_project_service.services",
            "google_project_service_identity.vertex_sa"
          ]
        },
        {
          "index_key": "dev,roles/mcp.toolUser",
          "schema_version": 0,
          "attributes": {
            "condition": [],
            "etag": "BwZNimqlqmg=",
            "id": "mb-mcp-demo/roles/mcp.toolUser/serviceAccount:service-396879358802@gcp-sa-aiplatform.iam.gserviceaccount.com",
            "member": "serviceAccount:service-396879358802@gcp-sa-aiplatform.iam.gserviceaccount.com",
            "project": "mb-mcp-demo",
            "role": "roles/mcp.toolUser"
          },
          "sensitive_attributes": [],
          "private": "bnVsbA==",
          "dependencies": [
            "google_project_service.services",
            "google_project_service_identity.vertex_sa"
          ]
        },
        {
          "index_key": "dev,roles/secretmanager.secretAccessor",
          "schema_version": 0,
          "attributes": {
            "condition": [],
            "etag": "BwZNikVF0LQ=",
            "id": "mb-mcp-demo/roles/secretmanager.secretAccessor/serviceAccount:service-396879358802@gcp-sa-aiplatform.iam.gserviceaccount.com",
            "member": "serviceAccount:service-396879358802@gcp-sa-aiplatform.iam.gserviceaccount.com",
            "project": "mb-mcp-demo",
            "role": "roles/secretmanager.secretAccessor"
          },
          "sensitive_attributes": [],
          "private": "bnVsbA==",
          "dependencies": [
            "google_project_service.services",
            "google_project_service_identity.vertex_sa"
          ]
        },
        {
          "index_key": "dev,roles/serviceusage.serviceUsageConsumer",
          "schema_version": 0,
          "attributes": {
            "condition": [],
            "etag": "BwZNikVF0LQ=",
            "id": "mb-mcp-demo/roles/serviceusage.serviceUsageConsumer/serviceAccount:service-396879358802@gcp-sa-aiplatform.iam.gserviceaccount.com",
            "member": "serviceAccount:service-396879358802@gcp-sa-aiplatform.iam.gserviceaccount.com",
            "project": "mb-mcp-demo",
            "role": "roles/serviceusage.serviceUsageConsumer"
          },
          "sensitive_attributes": [],
          "private": "bnVsbA==",
          "dependencies": [
            "google_project_service.services",
            "google_project_service_identity.vertex_sa"
          ]
        },
        {
          "index_key": "dev,roles/storage.admin",
          "schema_version": 0,
          "attributes": {
            "condition": [],
            "etag": "BwZNikVF0LQ=",
            "id": "mb-mcp-demo/roles/storage.admin/serviceAccount:service-396879358802@gcp-sa-aiplatform.iam.gserviceaccount.com",
            "member": "serviceAccount:service-396879358802@gcp-sa-aiplatform.iam.gserviceaccount.com",
            "project": "mb-mcp-demo",
            "role": "roles/storage.admin"
          },
          "sensitive_attributes": [],
          "private": "bnVsbA==",
          "dependencies": [
            "google_project_service.services",
            "google_project_service_identity.vertex_sa"
          ]
        }
      ]
    },
    {
      "mode": "managed",
      "type": "google_project_service",
      "name": "services",
      "provider": "provider[\"registry.terraform.io/hashicorp/google\"]",
      "instances": [
        {
          "index_key": 0,
          "schema_version": 0,
          "attributes": {
            "disable_dependent_services": null,
            "disable_on_destroy": false,
            "id": "mb-mcp-demo/aiplatform.googleapis.com",
            "project": "mb-mcp-demo",
            "service": "aiplatform.googleapis.com",
            "timeouts": null
          },
          "sensitive_attributes": [],
          "private": "eyJlMmJmYjczMC1lY2FhLTExZTYtOGY4OC0zNDM2M2JjN2M0YzAiOnsiY3JlYXRlIjoxMjAwMDAwMDAwMDAwLCJkZWxldGUiOjEyMDAwMDAwMDAwMDAsInJlYWQiOjYwMDAwMDAwMDAwMCwidXBkYXRlIjoxMjAwMDAwMDAwMDAwfX0="
        },
        {
          "index_key": 1,
          "schema_version": 0,
          "attributes": {
            "disable_dependent_services": null,
            "disable_on_destroy": false,
            "id": "mb-mcp-demo/cloudbuild.googleapis.com",
            "project": "mb-mcp-demo",
            "service": "cloudbuild.googleapis.com",
            "timeouts": null
          },
          "sensitive_attributes": [],
          "private": "eyJlMmJmYjczMC1lY2FhLTExZTYtOGY4OC0zNDM2M2JjN2M0YzAiOnsiY3JlYXRlIjoxMjAwMDAwMDAwMDAwLCJkZWxldGUiOjEyMDAwMDAwMDAwMDAsInJlYWQiOjYwMDAwMDAwMDAwMCwidXBkYXRlIjoxMjAwMDAwMDAwMDAwfX0="
        },
        {
          "index_key": 2,
          "schema_version": 0,
          "attributes": {
            "disable_dependent_services": null,
            "disable_on_destroy": false,
            "id": "mb-mcp-demo/run.googleapis.com",
            "project": "mb-mcp-demo",
            "service": "run.googleapis.com",
            "timeouts": null
          },
          "sensitive_attributes": [],
          "private": "eyJlMmJmYjczMC1lY2FhLTExZTYtOGY4OC0zNDM2M2JjN2M0YzAiOnsiY3JlYXRlIjoxMjAwMDAwMDAwMDAwLCJkZWxldGUiOjEyMDAwMDAwMDAwMDAsInJlYWQiOjYwMDAwMDAwMDAwMCwidXBkYXRlIjoxMjAwMDAwMDAwMDAwfX0="
        },
        {
          "index_key": 3,
          "schema_version": 0,
          "attributes": {
            "disable_dependent_services": null,
            "disable_on_destroy": false,
            "id": "mb-mcp-demo/bigquery.googleapis.com",
            "project": "mb-mcp-demo",
            "service": "bigquery.googleapis.com",
            "timeouts": null
          },
          "sensitive_attributes": [],
          "private": "eyJlMmJmYjczMC1lY2FhLTExZTYtOGY4OC0zNDM2M2JjN2M0YzAiOnsiY3JlYXRlIjoxMjAwMDAwMDAwMDAwLCJkZWxldGUiOjEyMDAwMDAwMDAwMDAsInJlYWQiOjYwMDAwMDAwMDAwMCwidXBkYXRlIjoxMjAwMDAwMDAwMDAwfX0="
        },
        {
          "index_key": 4,
          "schema_version": 0,
          "attributes": {
            "disable_dependent_services": null,
            "disable_on_destroy": false,
            "id": "mb-mcp-demo/cloudresourcemanager.googleapis.com",
            "project": "mb-mcp-demo",
            "service": "cloudresourcemanager.googleapis.com",
            "timeouts": null
          },
          "sensitive_attributes": [],
          "private": "eyJlMmJmYjczMC1lY2FhLTExZTYtOGY4OC0zNDM2M2JjN2M0YzAiOnsiY3JlYXRlIjoxMjAwMDAwMDAwMDAwLCJkZWxldGUiOjEyMDAwMDAwMDAwMDAsInJlYWQiOjYwMDAwMDAwMDAwMCwidXBkYXRlIjoxMjAwMDAwMDAwMDAwfX0="
        },
        {
          "index_key": 5,
          "schema_version": 0,
          "attributes": {
            "disable_dependent_services": null,
            "disable_on_destroy": false,
            "id": "mb-mcp-demo/iam.googleapis.com",
            "project": "mb-mcp-demo",
            "service": "iam.googleapis.com",
            "timeouts": null
          },
          "sensitive_attributes": [],
          "private": "eyJlMmJmYjczMC1lY2FhLTExZTYtOGY4OC0zNDM2M2JjN2M0YzAiOnsiY3JlYXRlIjoxMjAwMDAwMDAwMDAwLCJkZWxldGUiOjEyMDAwMDAwMDAwMDAsInJlYWQiOjYwMDAwMDAwMDAwMCwidXBkYXRlIjoxMjAwMDAwMDAwMDAwfX0="
        },
        {
          "index_key": 6,
          "schema_version": 0,
          "attributes": {
            "disable_dependent_services": null,
            "disable_on_destroy": false,
            "id": "mb-mcp-demo/serviceusage.googleapis.com",
            "project": "mb-mcp-demo",
            "service": "serviceusage.googleapis.com",
            "timeouts": null
          },
          "sensitive_attributes": [],
          "private": "eyJlMmJmYjczMC1lY2FhLTExZTYtOGY4OC0zNDM2M2JjN2M0YzAiOnsiY3JlYXRlIjoxMjAwMDAwMDAwMDAwLCJkZWxldGUiOjEyMDAwMDAwMDAwMDAsInJlYWQiOjYwMDAwMDAwMDAwMCwidXBkYXRlIjoxMjAwMDAwMDAwMDAwfX0="
        },
        {
          "index_key": 7,
          "schema_version": 0,
          "attributes": {
            "disable_dependent_services": null,
            "disable_on_destroy": false,
            "id": "mb-mcp-demo/logging.googleapis.com",
            "project": "mb-mcp-demo",
            "service": "logging.googleapis.com",
            "timeouts": null
          },
          "sensitive_attributes": [],
          "private": "eyJlMmJmYjczMC1lY2FhLTExZTYtOGY4OC0zNDM2M2JjN2M0YzAiOnsiY3JlYXRlIjoxMjAwMDAwMDAwMDAwLCJkZWxldGUiOjEyMDAwMDAwMDAwMDAsInJlYWQiOjYwMDAwMDAwMDAwMCwidXBkYXRlIjoxMjAwMDAwMDAwMDAwfX0="
        },
        {
          "index_key": 8,
          "schema_version": 0,
          "attributes": {
            "disable_dependent_services": null,
            "disable_on_destroy": false,
            "id": "mb-mcp-demo/cloudtrace.googleapis.com",
            "project": "mb-mcp-demo",
            "service": "cloudtrace.googleapis.com",
            "timeouts": null
          },
          "sensitive_attributes": [],
          "private": "eyJlMmJmYjczMC1lY2FhLTExZTYtOGY4OC0zNDM2M2JjN2M0YzAiOnsiY3JlYXRlIjoxMjAwMDAwMDAwMDAwLCJkZWxldGUiOjEyMDAwMDAwMDAwMDAsInJlYWQiOjYwMDAwMDAwMDAwMCwidXBkYXRlIjoxMjAwMDAwMDAwMDAwfX0="
        },
        {
          "index_key": 9,
          "schema_version": 0,
          "attributes": {
            "disable_dependent_services": null,
            "disable_on_destroy": false,
            "id": "mb-mcp-demo/telemetry.googleapis.com",
            "project": "mb-mcp-demo",
            "service": "telemetry.googleapis.com",
            "timeouts": null
          },
          "sensitive_attributes": [],
          "private": "eyJlMmJmYjczMC1lY2FhLTExZTYtOGY4OC0zNDM2M2JjN2M0YzAiOnsiY3JlYXRlIjoxMjAwMDAwMDAwMDAwLCJkZWxldGUiOjEyMDAwMDAwMDAwMDAsInJlYWQiOjYwMDAwMDAwMDAwMCwidXBkYXRlIjoxMjAwMDAwMDAwMDAwfX0="
        },
        {
          "index_key": 10,
          "schema_version": 0,
          "attributes": {
            "disable_dependent_services": null,
            "disable_on_destroy": false,
            "id": "mb-mcp-demo/secretmanager.googleapis.com",
            "project": "mb-mcp-demo",
            "service": "secretmanager.googleapis.com",
            "timeouts": null
          },
          "sensitive_attributes": [],
          "private": "eyJlMmJmYjczMC1lY2FhLTExZTYtOGY4OC0zNDM2M2JjN2M0YzAiOnsiY3JlYXRlIjoxMjAwMDAwMDAwMDAwLCJkZWxldGUiOjEyMDAwMDAwMDAwMDAsInJlYWQiOjYwMDAwMDAwMDAwMCwidXBkYXRlIjoxMjAwMDAwMDAwMDAwfX0="
        },
        {
          "index_key": 11,
          "schema_version": 0,
          "attributes": {
            "disable_dependent_services": null,
            "disable_on_destroy": false,
            "id": "mb-mcp-demo/cloudapiregistry.googleapis.com",
            "project": "mb-mcp-demo",
            "service": "cloudapiregistry.googleapis.com",
            "timeouts": null
          },
          "sensitive_attributes": [],
          "private": "eyJlMmJmYjczMC1lY2FhLTExZTYtOGY4OC0zNDM2M2JjN2M0YzAiOnsiY3JlYXRlIjoxMjAwMDAwMDAwMDAwLCJkZWxldGUiOjEyMDAwMDAwMDAwMDAsInJlYWQiOjYwMDAwMDAwMDAwMCwidXBkYXRlIjoxMjAwMDAwMDAwMDAwfX0="
        }
      ]
    },
    {
      "mode": "managed",
      "type": "google_project_service_identity",
      "name": "vertex_sa",
      "provider": "provider[\"registry.terraform.io/hashicorp/google-beta\"]",
      "instances": [
        {
          "schema_version": 0,
          "attributes": {
            "email": "service-396879358802@gcp-sa-aiplatform.iam.gserviceaccount.com",
            "id": "projects/mb-mcp-demo/services/aiplatform.googleapis.com",
            "member": "serviceAccount:service-396879358802@gcp-sa-aiplatform.iam.gserviceaccount.com",
            "project": "mb-mcp-demo",
            "service": "aiplatform.googleapis.com",
            "timeouts": null
          },
          "sensitive_attributes": [],
          "private": "eyJlMmJmYjczMC1lY2FhLTExZTYtOGY4OC0zNDM2M2JjN2M0YzAiOnsiY3JlYXRlIjoxMjAwMDAwMDAwMDAwLCJkZWxldGUiOjEyMDAwMDAwMDAwMDAsInJlYWQiOjYwMDAwMDAwMDAwMH19"
        }
      ]
    },
    {
      "mode": "managed",
      "type": "google_service_account",
      "name": "app_sa",
      "provider": "provider[\"registry.terraform.io/hashicorp/google\"]",
      "instances": [
        {
          "schema_version": 0,
          "attributes": {
            "account_id": "mcp-agent-demo-app",
            "create_ignore_already_exists": null,
            "description": "",
            "disabled": false,
            "display_name": "mcp-agent-demo Agent Service Account",
            "email": "mcp-agent-demo-app@mb-mcp-demo.iam.gserviceaccount.com",
            "id": "projects/mb-mcp-demo/serviceAccounts/mcp-agent-demo-app@mb-mcp-demo.iam.gserviceaccount.com",
            "member": "serviceAccount:mcp-agent-demo-app@mb-mcp-demo.iam.gserviceaccount.com",
            "name": "projects/mb-mcp-demo/serviceAccounts/mcp-agent-demo-app@mb-mcp-demo.iam.gserviceaccount.com",
            "project": "mb-mcp-demo",
            "timeouts": null,
            "unique_id": "113500486897521599111"
          },
          "sensitive_attributes": [],
          "private": "eyJlMmJmYjczMC1lY2FhLTExZTYtOGY4OC0zNDM2M2JjN2M0YzAiOnsiY3JlYXRlIjozMDAwMDAwMDAwMDB9fQ==",
          "dependencies": [
            "google_project_service.services"
          ]
        }
      ]
    },
    {
      "mode": "managed",
      "type": "google_storage_bucket",
      "name": "logs_data_bucket",
      "provider": "provider[\"registry.terraform.io/hashicorp/google\"]",
      "instances": [
        {
          "schema_version": 4,
          "attributes": {
            "autoclass": [],
            "cors": [],
            "custom_placement_config": [],
            "default_event_based_hold": false,
            "effective_labels": {
              "goog-terraform-provisioned": "true"
            },
            "enable_object_retention": false,
            "encryption": [],
            "force_destroy": false,
            "hierarchical_namespace": [
              {
                "enabled": false
              }
            ],
            "id": "mb-mcp-demo-mcp-agent-demo-logs",
            "ip_filter": [],
            "labels": {},
            "lifecycle_rule": [],
            "location": "US-CENTRAL1",
            "logging": [],
            "name": "mb-mcp-demo-mcp-agent-demo-logs",
            "project": "mb-mcp-demo",
            "project_number": 396879358802,
            "public_access_prevention": "inherited",
            "requester_pays": false,
            "retention_policy": [],
            "rpo": null,
            "self_link": "https://www.googleapis.com/storage/v1/b/mb-mcp-demo-mcp-agent-demo-logs",
            "soft_delete_policy": [
              {
                "effective_time": "2026-03-20T17:53:39.387Z",
                "retention_duration_seconds": 604800
              }
            ],
            "storage_class": "STANDARD",
            "terraform_labels": {
              "goog-terraform-provisioned": "true"
            },
            "time_created": "2026-03-20T17:53:39.387Z",
            "timeouts": null,
            "uniform_bucket_level_access": true,
            "updated": "2026-03-20T17:53:50.750Z",
            "url": "gs://mb-mcp-demo-mcp-agent-demo-logs",
            "versioning": [],
            "website": []
          },
          "sensitive_attributes": [],
          "private": "eyJlMmJmYjczMC1lY2FhLTExZTYtOGY4OC0zNDM2M2JjN2M0YzAiOnsiY3JlYXRlIjo2MDAwMDAwMDAwMDAsInJlYWQiOjI0MDAwMDAwMDAwMCwidXBkYXRlIjoyNDAwMDAwMDAwMDB9LCJzY2hlbWFfdmVyc2lvbiI6IjQifQ==",
          "dependencies": [
            "google_project_service.services"
          ]
        }
      ]
    },
    {
      "mode": "managed",
      "type": "google_storage_bucket_iam_member",
      "name": "telemetry_connection_access",
      "provider": "provider[\"registry.terraform.io/hashicorp/google\"]",
      "instances": [
        {
          "schema_version": 0,
          "attributes": {
            "bucket": "b/mb-mcp-demo-mcp-agent-demo-logs",
            "condition": [],
            "etag": "CAI=",
            "id": "b/mb-mcp-demo-mcp-agent-demo-logs/roles/storage.objectViewer/serviceAccount:bqcx-396879358802-jat2@gcp-sa-bigquery-condel.iam.gserviceaccount.com",
            "member": "serviceAccount:bqcx-396879358802-jat2@gcp-sa-bigquery-condel.iam.gserviceaccount.com",
            "role": "roles/storage.objectViewer",
            "timeouts": null
          },
          "sensitive_attributes": [],
          "private": "eyJlMmJmYjczMC1lY2FhLTExZTYtOGY4OC0zNDM2M2JjN2M0YzAiOnsiY3JlYXRlIjoxMjAwMDAwMDAwMDAwfX0=",
          "dependencies": [
            "google_bigquery_connection.genai_telemetry_connection",
            "google_project_service.services",
            "google_storage_bucket.logs_data_bucket",
            "time_sleep.wait_for_bq_connection_sa"
          ]
        }
      ]
    },
    {
      "mode": "managed",
      "type": "google_vertex_ai_reasoning_engine",
      "name": "app",
      "provider": "provider[\"registry.terraform.io/hashicorp/google\"]",
      "instances": [
        {
          "schema_version": 0,
          "attributes": {
            "create_time": "2026-03-20T17:53:52.837214Z",
            "description": "Agent deployed via Terraform",
            "display_name": "mcp-agent-demo",
            "encryption_spec": [],
            "id": "projects/mb-mcp-demo/locations/us-central1/reasoningEngines/8506315083440193536",
            "name": "8506315083440193536",
            "project": "mb-mcp-demo",
            "region": "us-central1",
            "spec": [
              {
                "agent_framework": "google-adk",
                "class_methods": "",
                "deployment_spec": [
                  {
                    "container_concurrency": 9,
                    "env": [
                      {
                        "name": "GOOGLE_CLOUD_AGENT_ENGINE_ENABLE_TELEMETRY",
                        "value": "true"
                      },
                      {
                        "name": "LOGS_BUCKET_NAME",
                        "value": "mb-mcp-demo-mcp-agent-demo-logs"
                      },
                      {
                        "name": "OTEL_INSTRUMENTATION_GENAI_CAPTURE_MESSAGE_CONTENT",
                        "value": "true"
                      }
                    ],
                    "max_instances": 10,
                    "min_instances": 1,
                    "resource_limits": {
                      "cpu": "4",
                      "memory": "8Gi"
                    },
                    "secret_env": []
                  }
                ],
                "package_spec": [],
                "service_account": "mcp-agent-demo-app@mb-mcp-demo.iam.gserviceaccount.com",
                "source_code_spec": [
                  {
                    "inline_source": [
                      {
                        "source_archive": "H4sIACycsWkAA+1ZXW7bOBB2+6hDFIRf2gI1Q1KiGBdwATctkAB9yHaDAkW7MLgSYxPVXykqdW6xN9hj7XV2JDt147iNvbC0gMMPhm1JpDgazfcNhzyX81MlY2WOosoYldlYm96eQQgRnKOeaIDqY8DNLyGMCUQ55YFPOYf/hIYBC3tovm9DNqEqrTRgikq0LFUUzfTmdt9mSiW/uM/th0JtmNoGKEeVjkeUkiEXoecTlFqdqhEVwmeB8OkQk6EIWXgsfI8L9O7s9fj9yenZh7d4Lq01OMpTLIsiUbgw+ZXKZBap0fi3s3HGX0cfTqeKsqkXDNHv0Ondx191evS49/dfny/mT/6Zef+3Wx4M8FH7Y9zwP6ChgEC7w//64Db/IfKCHuLtm/bg+Y+Pzr9nAGBkK2PspP9+AO+f05A4/e8C9+k/CzANj1nIaDB0+n94wDXrW84BO+l/w3+fceb0vwss3v8qB0wmOtN2MsHF9d7GAH+EQbDL/F/4AXf63wW2mP9TeHuM0GPq9P/wsOB/G6xf4Yb/28//uc/9HiIt2HIHD5z/6/ovpyqzE5VNdaYmcGkfEbGT/tf5n4HkCKf/XWC7+T8U5EwETv8PDwv+t8H6Fe7Tf8HDtfk/NBNO/7tAv99/U6XpNRrXIYDeNiGAIATQZW5QPSvQMkEXyhgJJ1IUqyLJr1Noiz3vYqZLVCQyUrM8geyB4NCo5kSM/rxGJ2dHJ29QoQtwbqZKJC+tWt00MkpanWfYAyM879LkKZrm+RRUQcZfcBOTJdJpkRu7MG/R5koZq+ZS4x+jtsRWpTCyhX/Q+3u3+Mu4KDyvaYpGi9s88xAgzWOVjPpTlYJBA4b54DKR5az/ormaSRDBfly7ZtJ0Xp7XWWlNFdV2j/of8wpJA+665YSmOUbvVVnkWYy+aTt7iZ42voLPhrZLp4LPrrRc+Rqj80RBTC4vIztT4F1w3KJT3bZxMH4Ktj1fPuPSHfWjNo/+rDk7ar6fb5DVO/m/KCaV1Um5xxi7f/3vLv+5y/+dYC3/s+GG/C8I9xkRLv0fIJb5/4b1rawE7r7+x936X0dYf/+rTICN+lppo+pcD9l1bv/zGLvXf4zX+39O/9vHNvWfIAERAXH7/weIdf7vj/Ur3Lv+FwZr/CchDVz91wUWBdcgSvIqHkhdV1B17fGpKRgGy9rqBVRUf7waUUx9gokj5wHh5/l/f3sCO+X/ev2fUbf/1xG22/8DVR76zOX/w8M6/9vc/99+/0+4/T8HBweHlvEvHKww/QAyAAA="
                      }
                    ],
                    "python_spec": [
                      {
                        "entrypoint_module": "app.agent_engine_app",
                        "entrypoint_object": "agent_engine",
                        "requirements_file": "app/app_utils/.requirements.txt",
                        "version": "3.10"
                      }
                    ]
                  }
                ]
              }
            ],
            "timeouts": null,
            "update_time": "2026-03-21T15:29:12.217889Z"
          },
          "sensitive_attributes": [],
          "private": "eyJlMmJmYjczMC1lY2FhLTExZTYtOGY4OC0zNDM2M2JjN2M0YzAiOnsiY3JlYXRlIjoxMjAwMDAwMDAwMDAwLCJkZWxldGUiOjM2MDAwMDAwMDAwMDAsInVwZGF0ZSI6MTIwMDAwMDAwMDAwMH19",
          "dependencies": [
            "data.google_storage_bucket_object_content.dummy_source_b64",
            "google_project_service.services",
            "google_service_account.app_sa",
            "google_storage_bucket.logs_data_bucket"
          ]
        }
      ]
    },
    {
      "mode": "managed",
      "type": "time_sleep",
      "name": "wait_for_bq_connection_sa",
      "provider": "provider[\"registry.terraform.io/hashicorp/time\"]",
      "instances": [
        {
          "schema_version": 0,
          "attributes": {
            "create_duration": "10s",
            "destroy_duration": null,
            "id": "2026-03-20T17:53:49Z",
            "triggers": null
          },
          "sensitive_attributes": [],
          "dependencies": [
            "google_bigquery_connection.genai_telemetry_connection",
            "google_project_service.services"
          ]
        }
      ]
    },
    {
      "mode": "managed",
      "type": "time_sleep",
      "name": "wait_for_linked_dataset",
      "provider": "provider[\"registry.terraform.io/hashicorp/time\"]",
      "instances": [
        {
          "schema_version": 0,
          "attributes": {
            "create_duration": "10s",
            "destroy_duration": null,
            "id": "2026-03-20T17:59:02Z",
            "triggers": null
          },
          "sensitive_attributes": [],
          "dependencies": [
            "google_logging_linked_dataset.genai_logs_linked_dataset",
            "google_logging_project_bucket_config.genai_telemetry_bucket",
            "google_logging_project_sink.genai_logs_to_bucket",
            "google_project_service.services",
            "time_sleep.wait_for_logging_api"
          ]
        }
      ]
    },
    {
      "mode": "managed",
      "type": "time_sleep",
      "name": "wait_for_logging_api",
      "provider": "provider[\"registry.terraform.io/hashicorp/time\"]",
      "instances": [
        {
          "schema_version": 0,
          "attributes": {
            "create_duration": "30s",
            "destroy_duration": null,
            "id": "2026-03-20T17:54:08Z",
            "triggers": null
          },
          "sensitive_attributes": [],
          "dependencies": [
            "google_project_service.services"
          ]
        }
      ]
    }
  ],
  "check_results": null
}
